
Microsoft Visual Studio Solution File, Format Version 12.00
# Visual Studio 14
VisualStudioVersion = 14.0.24720.0
MinimumVisualStudioVersion = 10.0.40219.1
Project("{FAE04EC0-301F-11D3-BF4B-00C04F79EFBC}") = "Microsoft.Scripting", "Microsoft.Scripting\Microsoft.Scripting.csproj", "{1BB54949-D911-4A97-9715-608EA27FDC93}"
EndProject
Project("{FAE04EC0-301F-11D3-BF4B-00C04F79EFBC}") = "Microsoft.Scripting.Tests", "Microsoft.Scripting.Tests\Microsoft.Scripting.Tests.csproj", "{51A6516B-762F-4A4D-A06D-47B328DB9054}"
EndProject
Project("{FAE04EC0-301F-11D3-BF4B-00C04F79EFBC}") = "ConsoleHost", "ConsoleHost\ConsoleHost.csproj", "{9CDB2C68-D1E1-419E-90BC-B7D219DDF69B}"
EndProject
Global
	GlobalSection(SolutionConfigurationPlatforms) = preSolution
		Debug|Any CPU = Debug|Any CPU
		Release|Any CPU = Release|Any CPU
	EndGlobalSection
	GlobalSection(ProjectConfigurationPlatforms) = postSolution
		{1BB54949-D911-4A97-9715-608EA27FDC93}.Debug|Any CPU.ActiveCfg = Debug|Any CPU
		{1BB54949-D911-4A97-9715-608EA27FDC93}.Debug|Any CPU.Build.0 = Debug|Any CPU
		{1BB54949-D911-4A97-9715-608EA27FDC93}.Release|Any CPU.ActiveCfg = Release|Any CPU
		{1BB54949-D911-4A97-9715-608EA27FDC93}.Release|Any CPU.Build.0 = Release|Any CPU
		{51A6516B-762F-4A4D-A06D-47B328DB9054}.Debug|Any CPU.ActiveCfg = Debug|Any CPU
		{51A6516B-762F-4A4D-A06D-47B328DB9054}.Debug|Any CPU.Build.0 = Debug|Any CPU
		{51A6516B-762F-4A4D-A06D-47B328DB9054}.Release|Any CPU.ActiveCfg = Release|Any CPU
		{51A6516B-762F-4A4D-A06D-47B328DB9054}.Release|Any CPU.Build.0 = Release|Any CPU
		{9CDB2C68-D1E1-419E-90BC-B7D219DDF69B}.Debug|Any CPU.ActiveCfg = Debug|Any CPU
		{9CDB2C68-D1E1-419E-90BC-B7D219DDF69B}.Debug|Any CPU.Build.0 = Debug|Any CPU
		{9CDB2C68-D1E1-419E-90BC-B7D219DDF69B}.Release|Any CPU.ActiveCfg = Release|Any CPU
		{9CDB2C68-D1E1-419E-90BC-B7D219DDF69B}.Release|Any CPU.Build.0 = Release|Any CPU
	EndGlobalSection
	GlobalSection(SolutionProperties) = preSolution
		HideSolutionNode = FALSE
	EndGlobalSection
EndGlobal
